{
  "nodes": {
    "disko": {
      "inputs": {
        "nixpkgs": [
          "nixpkgs"
        ]
      },
      "locked": {
        "lastModified": 1744145203,
        "narHash": "sha256-I2oILRiJ6G+BOSjY+0dGrTPe080L3pbKpc+gCV3Nmyk=",
        "owner": "nix-community",
        "repo": "disko",
        "rev": "76c0a6dba345490508f36c1aa3c7ba5b6b460989",
        "type": "github"
      },
      "original": {
        "owner": "nix-community",
        "repo": "disko",
        "type": "github"
      }
    },
    "firefox-gnome-theme": {
      "flake": false,
      "locked": {
        "lastModified": 1744030537,
        "narHash": "sha256-eflvu31mWHjIdJUWztGPRuqfqsXCJGxOnVS/iRRAZNY=",
        "owner": "rafaelmardojai",
        "repo": "firefox-gnome-theme",
        "rev": "bf6d98d106f912cf4185208a59e39f62882ee259",
        "type": "github"
      },
      "original": {
        "owner": "rafaelmardojai",
        "repo": "firefox-gnome-theme",
        "type": "github"
      }
    },
    "hardware": {
      "locked": {
        "lastModified": 1744366945,
        "narHash": "sha256-OuLhysErPHl53BBifhesrRumJNhrlSgQDfYOTXfgIMg=",
        "owner": "NixOS",
        "repo": "nixos-hardware",
        "rev": "1fe3cc2bc5d2dc9c81cb4e63d2f67c1543340df1",
        "type": "github"
      },
      "original": {
        "owner": "NixOS",
        "ref": "master",
        "repo": "nixos-hardware",
        "type": "github"
      }
    },
    "home-manager": {
      "inputs": {
        "nixpkgs": [
          "nixpkgs"
        ]
      },
      "locked": {
        "lastModified": 1744207189,
        "narHash": "sha256-dTxaVEDb4qmYqfwRrqWbth5Blif+JO7R6nhkQElL7Ck=",
        "owner": "nix-community",
        "repo": "home-manager",
        "rev": "a1036d4d3e939d740149508aa68b2545c4964d37",
        "type": "github"
      },
      "original": {
        "owner": "nix-community",
        "repo": "home-manager",
        "rev": "a1036d4d3e939d740149508aa68b2545c4964d37",
        "type": "github"
      }
    },
    "nix-index-database": {
      "inputs": {
        "nixpkgs": [
          "nixpkgs"
        ]
      },
      "locked": {
        "lastModified": 1744518957,
        "narHash": "sha256-RLBSWQfTL0v+7uyskC5kP6slLK1jvIuhaAh8QvB75m4=",
        "owner": "nix-community",
        "repo": "nix-index-database",
        "rev": "4fc9ea78c962904f4ea11046f3db37c62e8a02fd",
        "type": "github"
      },
      "original": {
        "owner": "nix-community",
        "repo": "nix-index-database",
        "type": "github"
      }
    },
    "nixpkgs": {
      "locked": {
        "lastModified": 1744463964,
        "narHash": "sha256-LWqduOgLHCFxiTNYi3Uj5Lgz0SR+Xhw3kr/3Xd0GPTM=",
        "owner": "NixOS",
        "repo": "nixpkgs",
        "rev": "2631b0b7abcea6e640ce31cd78ea58910d31e650",
        "type": "github"
      },
      "original": {
        "owner": "NixOS",
        "ref": "nixos-unstable",
        "repo": "nixpkgs",
        "type": "github"
      }
    },
    "root": {
      "inputs": {
        "disko": "disko",
        "firefox-gnome-theme": "firefox-gnome-theme",
        "hardware": "hardware",
        "home-manager": "home-manager",
        "nix-index-database": "nix-index-database",
        "nixpkgs": "nixpkgs",
        "sops-nix": "sops-nix",
        "spicetify-nix": "spicetify-nix",
        "thunderbird-gnome-theme": "thunderbird-gnome-theme"
      }
    },
    "sops-nix": {
      "inputs": {
        "nixpkgs": [
          "nixpkgs"
        ]
      },
      "locked": {
        "lastModified": 1744518500,
        "narHash": "sha256-lv52pnfiRGp5+xkZEgWr56DWiRgkMFXpiGba3eJ3krE=",
        "owner": "mic92",
        "repo": "sops-nix",
        "rev": "7e147a1ae90f0d4a374938cdc3df3cdaecb9d388",
        "type": "github"
      },
      "original": {
        "owner": "mic92",
        "repo": "sops-nix",
        "type": "github"
      }
    },
    "spicetify-nix": {
      "inputs": {
        "nixpkgs": [
          "nixpkgs"
        ],
        "systems": "systems"
      },
      "locked": {
        "lastModified": 1744519498,
        "narHash": "sha256-jEKuYzPwSFk39OGXg2YrtOPeKl7kgeDWURjwJPOrFQo=",
        "owner": "Gerg-L",
        "repo": "spicetify-nix",
        "rev": "f31cb6f40bdcc878dc8b498fcaa3f55461559446",
        "type": "github"
      },
      "original": {
        "owner": "Gerg-L",
        "repo": "spicetify-nix",
        "type": "github"
      }
    },
    "systems": {
      "locked": {
        "lastModified": 1681028828,
        "narHash": "sha256-Vy1rq5AaRuLzOxct8nz4T6wlgyUR7zLU309k9mBC768=",
        "owner": "nix-systems",
        "repo": "default",
        "rev": "da67096a3b9bf56a91d16901293e51ba5b49a27e",
        "type": "github"
      },
      "original": {
        "owner": "nix-systems",
        "repo": "default",
        "type": "github"
      }
    },
    "thunderbird-gnome-theme": {
      "flake": false,
      "locked": {
        "lastModified": 1732643121,
        "narHash": "sha256-i0Uo5EN45rlGuR85hvPet43zW/thOQTwHypVg9shTHU=",
        "owner": "rafaelmardojai",
        "repo": "thunderbird-gnome-theme",
        "rev": "1994e7ec0649053e2a0811973245758d41e33f5f",
        "type": "github"
      },
      "original": {
        "owner": "rafaelmardojai",
        "repo": "thunderbird-gnome-theme",
        "type": "github"
      }
    }
  },
  "root": "root",
  "version": 7
}
